# THIS IS AN AUTOGENERATED FILE. DO NOT EDIT THIS FILE DIRECTLY.
# yarn lockfile v1


"electron-dl@^3.5.0":
  "integrity" "sha512-Oj+VSuScVx8hEKM2HEvTQswTX6G3MLh7UoAz/oZuvKyNDfudNi1zY6PK/UnFoK1nCl9DF6k+3PFwElKbtZlDig=="
  "resolved" "https://registry.npmjs.org/electron-dl/-/electron-dl-3.5.0.tgz"
  "version" "3.5.0"
  dependencies:
    "ext-name" "^5.0.0"
    "pupa" "^2.0.1"
    "unused-filename" "^2.1.0"

"escape-goat@^2.0.0":
  "integrity" "sha512-8/uIhbG12Csjy2JEW7D9pHbreaVaS/OpN3ycnyvElTdwM5n6GY6W6e2IPemfvGZeUMqZ9A/3GqIZMgKnBhAw/Q=="
  "resolved" "https://registry.npmjs.org/escape-goat/-/escape-goat-2.1.1.tgz"
  "version" "2.1.1"

"ext-list@^2.0.0":
  "integrity" "sha512-u+SQgsubraE6zItfVA0tBuCBhfU9ogSRnsvygI7wht9TS510oLkBRXBsqopeUG/GBOIQyKZO9wjTqIu/sf5zFA=="
  "resolved" "https://registry.npmjs.org/ext-list/-/ext-list-2.2.2.tgz"
  "version" "2.2.2"
  dependencies:
    "mime-db" "^1.28.0"

"ext-name@^5.0.0":
  "integrity" "sha512-yblEwXAbGv1VQDmow7s38W77hzAgJAO50ztBLMcUyUBfxv1HC+LGwtiEN+Co6LtlqT/5uwVOxsD4TNIilWhwdQ=="
  "resolved" "https://registry.npmjs.org/ext-name/-/ext-name-5.0.0.tgz"
  "version" "5.0.0"
  dependencies:
    "ext-list" "^2.0.0"
    "sort-keys-length" "^1.0.0"

"is-plain-obj@^1.0.0":
  "integrity" "sha512-yvkRyxmFKEOQ4pNXCmJG5AEQNlXJS5LaONXo5/cLdTZdWvsZ1ioJEonLGAosKlMWE8lwUy/bJzMjcw8az73+Fg=="
  "resolved" "https://registry.npmjs.org/is-plain-obj/-/is-plain-obj-1.1.0.tgz"
  "version" "1.1.0"

"mime-db@^1.28.0":
  "integrity" "sha512-sPU4uV7dYlvtWJxwwxHD0PuihVNiE7TyAbQ5SWxDCB9mUYvOgroQOwYQQOKPJ8CIbE+1ETVlOoK1UC2nU3gYvg=="
  "resolved" "https://registry.npmjs.org/mime-db/-/mime-db-1.52.0.tgz"
  "version" "1.52.0"

"modify-filename@^1.1.0":
  "integrity" "sha512-EickqnKq3kVVaZisYuCxhtKbZjInCuwgwZWyAmRIp1NTMhri7r3380/uqwrUHfaDiPzLVTuoNy4whX66bxPVog=="
  "resolved" "https://registry.npmjs.org/modify-filename/-/modify-filename-1.1.0.tgz"
  "version" "1.1.0"

"path-exists@^4.0.0":
  "integrity" "sha512-ak9Qy5Q7jYb2Wwcey5Fpvg2KoAc/ZIhLSLOSBmRmygPsGwkVVt0fZa0qrtMz+m6tJTAHfZQ8FnmB4MG4LWy7/w=="
  "resolved" "https://registry.npmjs.org/path-exists/-/path-exists-4.0.0.tgz"
  "version" "4.0.0"

"pupa@^2.0.1":
  "integrity" "sha512-l1jNAspIBSFqbT+y+5FosojNpVpF94nlI+wDUpqP9enwOTfHx9f0gh5nB96vl+6yTpsJsypeNrwfzPrKuHB41A=="
  "resolved" "https://registry.npmjs.org/pupa/-/pupa-2.1.1.tgz"
  "version" "2.1.1"
  dependencies:
    "escape-goat" "^2.0.0"

"sort-keys-length@^1.0.0":
  "integrity" "sha512-GRbEOUqCxemTAk/b32F2xa8wDTs+Z1QHOkbhJDQTvv/6G3ZkbJ+frYWsTcc7cBB3Fu4wy4XlLCuNtJuMn7Gsvw=="
  "resolved" "https://registry.npmjs.org/sort-keys-length/-/sort-keys-length-1.0.1.tgz"
  "version" "1.0.1"
  dependencies:
    "sort-keys" "^1.0.0"

"sort-keys@^1.0.0":
  "integrity" "sha512-vzn8aSqKgytVik0iwdBEi+zevbTYZogewTUM6dtpmGwEcdzbub/TX4bCzRhebDCRC3QzXgJsLRKB2V/Oof7HXg=="
  "resolved" "https://registry.npmjs.org/sort-keys/-/sort-keys-1.1.2.tgz"
  "version" "1.1.2"
  dependencies:
    "is-plain-obj" "^1.0.0"

"unused-filename@^2.1.0":
  "integrity" "sha512-BMiNwJbuWmqCpAM1FqxCTD7lXF97AvfQC8Kr/DIeA6VtvhJaMDupZ82+inbjl5yVP44PcxOuCSxye1QMS0wZyg=="
  "resolved" "https://registry.npmjs.org/unused-filename/-/unused-filename-2.1.0.tgz"
  "version" "2.1.0"
  dependencies:
    "modify-filename" "^1.1.0"
    "path-exists" "^4.0.0"
